{
  "name": "jayscript",
  "version": "0.0.1",
  "lockfileVersion": 1,
  "requires": true,
  "dependencies": {
    "binaryen": {
      "version": "96.0.0",
      "resolved": "https://registry.npmjs.org/binaryen/-/binaryen-96.0.0.tgz",
      "integrity": "sha512-Us8sdek6GdU1iJQ4Fr8qg9X8bXUCouNM2NwqavJqiNnRDKnS5awxkAaTv8gXpOJMbbpqy78+rkoDf3DydGrV+A=="
    }
  }
}
